{
    "name": "app",
    "version": "0.1.0",
    "lockfileVersion": 1,
    "requires": true,
    "dependencies": {
        "@microsoft/load-themed-styles": {
            "version": "1.10.18",
            "resolved": "https://registry.npmjs.org/@microsoft/load-themed-styles/-/load-themed-styles-1.10.18.tgz",
            "integrity": "sha512-NpbXcRt5sSojJ02//iij5O6w0+ReoBgt7i7D6Mqw85JjRr+b4IDQ2t+VGK+W0wqDhsfzVEsxyqFF07xOnSyjcQ=="
        },
        "@uifabric/foundation": {
            "version": "7.4.4",
            "resolved": "https://registry.npmjs.org/@uifabric/foundation/-/foundation-7.4.4.tgz",
            "integrity": "sha512-I4zrJXq2B00+LIzxcCDyi3+lx/sm0DzDdSFvQQp3DS9eiL8TzcjZTneRr32TQuVlA0Q7nFQClIXjglEo8+quFA==",
            "requires": {
                "@uifabric/merge-styles": "^7.7.0",
                "@uifabric/set-version": "^7.0.2",
                "@uifabric/styling": "^7.7.2",
                "@uifabric/utilities": "^7.4.0",
                "tslib": "^1.7.1"
            },
            "dependencies": {
                "tslib": {
                    "version": "1.10.0",
                    "resolved": "https://registry.npmjs.org/tslib/-/tslib-1.10.0.tgz",
                    "integrity": "sha512-qOebF53frne81cf0S9B41ByenJ3/IuH8yJKngAX35CmiZySA0khhkovshKK+jGCaMnVomla7gVlIcc3EvKPbTQ=="
                }
            }
        },
        "@uifabric/icons": {
            "version": "7.3.0",
            "resolved": "https://registry.npmjs.org/@uifabric/icons/-/icons-7.3.0.tgz",
            "integrity": "sha512-wbcR8fJce20sPjsK2bbTC/cAZfAOFuE4dd4LHw194+8H+/dqotsowrQVp5Lu8aaHGQk+fXoiZmUy30WA9cAG4Q==",
            "requires": {
                "@uifabric/set-version": "^7.0.2",
                "@uifabric/styling": "^7.7.1",
                "tslib": "^1.7.1"
            },
            "dependencies": {
                "tslib": {
                    "version": "1.10.0",
                    "resolved": "https://registry.npmjs.org/tslib/-/tslib-1.10.0.tgz",
                    "integrity": "sha512-qOebF53frne81cf0S9B41ByenJ3/IuH8yJKngAX35CmiZySA0khhkovshKK+jGCaMnVomla7gVlIcc3EvKPbTQ=="
                }
            }
        },
        "@uifabric/merge-styles": {
            "version": "7.8.0",
            "resolved": "https://registry.npmjs.org/@uifabric/merge-styles/-/merge-styles-7.8.0.tgz",
            "integrity": "sha512-NISbWaU7msRBNTuVglLRRyhAwnXaOUc+7xWoP5Y9m4npaAfbDl9OtgYp5pGeNr9o07kiuZ3Dqt5NHot3idtIlw==",
            "requires": {
                "@uifabric/set-version": "^7.0.2",
                "tslib": "^1.7.1"
            },
            "dependencies": {
                "tslib": {
                    "version": "1.10.0",
                    "resolved": "https://registry.npmjs.org/tslib/-/tslib-1.10.0.tgz",
                    "integrity": "sha512-qOebF53frne81cf0S9B41ByenJ3/IuH8yJKngAX35CmiZySA0khhkovshKK+jGCaMnVomla7gVlIcc3EvKPbTQ=="
                }
            }
        },
        "@uifabric/react-hooks": {
            "version": "7.0.1",
            "resolved": "https://registry.npmjs.org/@uifabric/react-hooks/-/react-hooks-7.0.1.tgz",
            "integrity": "sha512-cIr/ToLvc48D7A+XJrH/rHmSa/YmonvyFGHykFqHKiFSYiGKvc50GIyRJ/gkOUDuaaYVThWRwBQNOIMr3iFCYA==",
            "requires": {
                "@uifabric/set-version": "^7.0.2",
                "@uifabric/utilities": "^7.0.10",
                "tslib": "^1.7.1"
            },
            "dependencies": {
                "tslib": {
                    "version": "1.10.0",
                    "resolved": "https://registry.npmjs.org/tslib/-/tslib-1.10.0.tgz",
                    "integrity": "sha512-qOebF53frne81cf0S9B41ByenJ3/IuH8yJKngAX35CmiZySA0khhkovshKK+jGCaMnVomla7gVlIcc3EvKPbTQ=="
                }
            }
        },
        "@uifabric/set-version": {
            "version": "7.0.2",
            "resolved": "https://registry.npmjs.org/@uifabric/set-version/-/set-version-7.0.2.tgz",
            "integrity": "sha512-3mQp7gqPOqphwX74j+N/lJEFeivKPv8ryY9QFXUxVPnrXNwpIkDW9Wk6CPqArzgGvQngRRKYD/PcyP5iuHN52A==",
            "requires": {
                "tslib": "^1.7.1"
            },
            "dependencies": {
                "tslib": {
                    "version": "1.10.0",
                    "resolved": "https://registry.npmjs.org/tslib/-/tslib-1.10.0.tgz",
                    "integrity": "sha512-qOebF53frne81cf0S9B41ByenJ3/IuH8yJKngAX35CmiZySA0khhkovshKK+jGCaMnVomla7gVlIcc3EvKPbTQ=="
                }
            }
        },
        "@uifabric/styling": {
            "version": "7.7.2",
            "resolved": "https://registry.npmjs.org/@uifabric/styling/-/styling-7.7.2.tgz",
            "integrity": "sha512-5xQbz5r4+XeWjb1omHara/1Hdk+dsNSUkZAw6sp/tnv/cGFea4+hMuSmSaTG6T78Osiy59UG+qw7Ax/spfr2EQ==",
            "requires": {
                "@microsoft/load-themed-styles": "^1.7.13",
                "@uifabric/merge-styles": "^7.7.0",
                "@uifabric/set-version": "^7.0.2",
                "@uifabric/utilities": "^7.2.0",
                "tslib": "^1.7.1"
            },
            "dependencies": {
                "tslib": {
                    "version": "1.10.0",
                    "resolved": "https://registry.npmjs.org/tslib/-/tslib-1.10.0.tgz",
                    "integrity": "sha512-qOebF53frne81cf0S9B41ByenJ3/IuH8yJKngAX35CmiZySA0khhkovshKK+jGCaMnVomla7gVlIcc3EvKPbTQ=="
                }
            }
        },
        "@uifabric/utilities": {
            "version": "7.5.0",
            "resolved": "https://registry.npmjs.org/@uifabric/utilities/-/utilities-7.5.0.tgz",
            "integrity": "sha512-h9XwZVaKyLN3Ss4G+bXFWsmCzExID/SKbO64XPjsCIhuxVYsTg6/hDrvyU4TCEx06/ehXfdHRmyjCYL1PNdDMg==",
            "requires": {
                "@uifabric/merge-styles": "^7.7.0",
                "@uifabric/set-version": "^7.0.2",
                "prop-types": "^15.5.10",
                "tslib": "^1.7.1"
            },
            "dependencies": {
                "tslib": {
                    "version": "1.10.0",
                    "resolved": "https://registry.npmjs.org/tslib/-/tslib-1.10.0.tgz",
                    "integrity": "sha512-qOebF53frne81cf0S9B41ByenJ3/IuH8yJKngAX35CmiZySA0khhkovshKK+jGCaMnVomla7gVlIcc3EvKPbTQ=="
                }
            }
        },
        "js-tokens": {
            "version": "4.0.0",
            "resolved": "https://registry.npmjs.org/js-tokens/-/js-tokens-4.0.0.tgz",
            "integrity": "sha512-RdJUflcE3cUzKiMqQgsCu06FPu9UdIJO0beYbPhHN4k6apgJtifcoCtT9bcxOpYBtpD2kCM6Sbzg4CausW/PKQ=="
        },
        "loose-envify": {
            "version": "1.4.0",
            "resolved": "https://registry.npmjs.org/loose-envify/-/loose-envify-1.4.0.tgz",
            "integrity": "sha512-lyuxPGr/Wfhrlem2CL/UcnUc1zcqKAImBDzukY7Y5F/yQiNdko6+fRLevlw1HgMySw7f611UIY408EtxRSoK3Q==",
            "requires": {
                "js-tokens": "^3.0.0 || ^4.0.0"
            }
        },
        "object-assign": {
            "version": "4.1.1",
            "resolved": "https://registry.npmjs.org/object-assign/-/object-assign-4.1.1.tgz",
            "integrity": "sha1-IQmtx5ZYh8/AXLvUQsrIv7s2CGM="
        },
        "office-ui-fabric-react": {
            "version": "7.57.1",
            "resolved": "https://registry.npmjs.org/office-ui-fabric-react/-/office-ui-fabric-react-7.57.1.tgz",
            "integrity": "sha512-6RYDKv35Nt77fR4rnUHDLmar0TAuq/gMiffyDX4MjWpRsk7ql6xIPEIopkRmyH+uy3pMu9+mwZ14MMlu4nU59g==",
            "requires": {
                "@microsoft/load-themed-styles": "^1.7.13",
                "@uifabric/foundation": "^7.4.4",
                "@uifabric/icons": "^7.3.0",
                "@uifabric/merge-styles": "^7.8.0",
                "@uifabric/react-hooks": "^7.0.1",
                "@uifabric/set-version": "^7.0.2",
                "@uifabric/styling": "^7.7.2",
                "@uifabric/utilities": "^7.5.0",
                "prop-types": "^15.5.10",
                "tslib": "^1.7.1"
            },
            "dependencies": {
                "tslib": {
                    "version": "1.10.0",
                    "resolved": "https://registry.npmjs.org/tslib/-/tslib-1.10.0.tgz",
                    "integrity": "sha512-qOebF53frne81cf0S9B41ByenJ3/IuH8yJKngAX35CmiZySA0khhkovshKK+jGCaMnVomla7gVlIcc3EvKPbTQ=="
                }
            }
        },
        "prop-types": {
            "version": "15.7.2",
            "resolved": "https://registry.npmjs.org/prop-types/-/prop-types-15.7.2.tgz",
            "integrity": "sha512-8QQikdH7//R2vurIJSutZ1smHYTcLpRWEOlHnzcWHmBYrOGUysKwSsrC89BCiFj3CbrfJ/nXFdJepOVrY1GCHQ==",
            "requires": {
                "loose-envify": "^1.4.0",
                "object-assign": "^4.1.1",
                "react-is": "^16.8.1"
            }
        },
        "react": {
            "version": "16.11.0",
            "resolved": "https://registry.npmjs.org/react/-/react-16.11.0.tgz",
            "integrity": "sha512-M5Y8yITaLmU0ynd0r1Yvfq98Rmll6q8AxaEe88c8e7LxO8fZ2cNgmFt0aGAS9wzf1Ao32NKXtCl+/tVVtkxq6g==",
            "requires": {
                "loose-envify": "^1.1.0",
                "object-assign": "^4.1.1",
                "prop-types": "^15.6.2"
            }
        },
        "react-dom": {
            "version": "16.11.0",
            "resolved": "https://registry.npmjs.org/react-dom/-/react-dom-16.11.0.tgz",
            "integrity": "sha512-nrRyIUE1e7j8PaXSPtyRKtz+2y9ubW/ghNgqKFHHAHaeP0fpF5uXR+sq8IMRHC+ZUxw7W9NyCDTBtwWxvkb0iA==",
            "requires": {
                "loose-envify": "^1.1.0",
                "object-assign": "^4.1.1",
                "prop-types": "^15.6.2",
                "scheduler": "^0.17.0"
            }
        },
        "react-is": {
            "version": "16.11.0",
            "resolved": "https://registry.npmjs.org/react-is/-/react-is-16.11.0.tgz",
            "integrity": "sha512-gbBVYR2p8mnriqAwWx9LbuUrShnAuSCNnuPGyc7GJrMVQtPDAh8iLpv7FRuMPFb56KkaVZIYSz1PrjI9q0QPCw=="
        },
        "scheduler": {
            "version": "0.17.0",
            "resolved": "https://registry.npmjs.org/scheduler/-/scheduler-0.17.0.tgz",
            "integrity": "sha512-7rro8Io3tnCPuY4la/NuI5F2yfESpnfZyT6TtkXnSWVkcu0BCDJ+8gk5ozUaFaxpIyNuWAPXrH0yFcSi28fnDA==",
            "requires": {
                "loose-envify": "^1.1.0",
                "object-assign": "^4.1.1"
            }
        },
        "typescript": {
            "version": "3.6.4",
            "resolved": "https://registry.npmjs.org/typescript/-/typescript-3.6.4.tgz",
            "integrity": "sha512-unoCll1+l+YK4i4F8f22TaNVPRHcD9PA3yCuZ8g5e0qGqlVlJ/8FSateOLLSagn+Yg5+ZwuPkL8LFUc0Jcvksg==",
            "dev": true
        }
    }
}
